
Microsoft Visual Studio Solution File, Format Version 12.00
# Visual Studio 15
VisualStudioVersion = 15.0.26403.7
MinimumVisualStudioVersion = 10.0.40219.1
Project("{FAE04EC0-301F-11D3-BF4B-00C04F79EFBC}") = "Ex05.WinFormUI", "Ex05.WinFormUI\Ex05.WinFormUI.csproj", "{BFA63051-03A0-466B-9501-6DEDB5D0FF12}"
EndProject
Project("{FAE04EC0-301F-11D3-BF4B-00C04F79EFBC}") = "Ex05.BullsEyeLogic", "Ex05.BullsEyeLogic\Ex05.BullsEyeLogic.csproj", "{C5087FFE-D77B-45D2-AC52-6DB9B07C0509}"
EndProject
Global
	GlobalSection(SolutionConfigurationPlatforms) = preSolution
		Debug|Any CPU = Debug|Any CPU
		Release|Any CPU = Release|Any CPU
	EndGlobalSection
	GlobalSection(ProjectConfigurationPlatforms) = postSolution
		{BFA63051-03A0-466B-9501-6DEDB5D0FF12}.Debug|Any CPU.ActiveCfg = Debug|Any CPU
		{BFA63051-03A0-466B-9501-6DEDB5D0FF12}.Debug|Any CPU.Build.0 = Debug|Any CPU
		{BFA63051-03A0-466B-9501-6DEDB5D0FF12}.Release|Any CPU.ActiveCfg = Release|Any CPU
		{BFA63051-03A0-466B-9501-6DEDB5D0FF12}.Release|Any CPU.Build.0 = Release|Any CPU
		{C5087FFE-D77B-45D2-AC52-6DB9B07C0509}.Debug|Any CPU.ActiveCfg = Debug|Any CPU
		{C5087FFE-D77B-45D2-AC52-6DB9B07C0509}.Debug|Any CPU.Build.0 = Debug|Any CPU
		{C5087FFE-D77B-45D2-AC52-6DB9B07C0509}.Release|Any CPU.ActiveCfg = Release|Any CPU
		{C5087FFE-D77B-45D2-AC52-6DB9B07C0509}.Release|Any CPU.Build.0 = Release|Any CPU
	EndGlobalSection
	GlobalSection(SolutionProperties) = preSolution
		HideSolutionNode = FALSE
	EndGlobalSection
EndGlobal
