
Microsoft Visual Studio Solution File, Format Version 12.00
# Visual Studio 15
VisualStudioVersion = 15.0.26403.7
MinimumVisualStudioVersion = 10.0.40219.1
Project("{FAE04EC0-301F-11D3-BF4B-00C04F79EFBC}") = "B17 Ex05 Ofir 305260846 Asaf 314078676", "B17 Ex05 Ofir 305260846 Asaf 314078676\B17 Ex05 Ofir 305260846 Asaf 314078676.csproj", "{53C52B40-F8A3-429E-B6ED-DA36AC75E0D7}"
EndProject
Global
	GlobalSection(SolutionConfigurationPlatforms) = preSolution
		Debug|Any CPU = Debug|Any CPU
		Release|Any CPU = Release|Any CPU
	EndGlobalSection
	GlobalSection(ProjectConfigurationPlatforms) = postSolution
		{53C52B40-F8A3-429E-B6ED-DA36AC75E0D7}.Debug|Any CPU.ActiveCfg = Debug|Any CPU
		{53C52B40-F8A3-429E-B6ED-DA36AC75E0D7}.Debug|Any CPU.Build.0 = Debug|Any CPU
		{53C52B40-F8A3-429E-B6ED-DA36AC75E0D7}.Release|Any CPU.ActiveCfg = Release|Any CPU
		{53C52B40-F8A3-429E-B6ED-DA36AC75E0D7}.Release|Any CPU.Build.0 = Release|Any CPU
	EndGlobalSection
	GlobalSection(SolutionProperties) = preSolution
		HideSolutionNode = FALSE
	EndGlobalSection
EndGlobal
